
Microsoft Visual Studio Solution File, Format Version 12.00
# Visual Studio 15
VisualStudioVersion = 15.0.27703.2018
MinimumVisualStudioVersion = 10.0.40219.1
Project("{9A19103F-16F7-4668-BE54-9A1E7A4F7556}") = "ApiBase", "ApiBase\ApiBase.csproj", "{590D34B9-8B9C-4FB7-A2C0-0244AB084D69}"
EndProject
Project("{E24C65DC-7377-472B-9ABA-BC803B73C61A}") = "AdminMaster", "AdminMaster\", "{2AD68484-AB16-4C1F-86F4-0D86EECED399}"
	ProjectSection(WebsiteProperties) = preProject
		TargetFrameworkMoniker = ".NETFramework,Version%3Dv4.0"
		Debug.AspNetCompiler.VirtualPath = "/localhost_52942"
		Debug.AspNetCompiler.PhysicalPath = "AdminMaster\"
		Debug.AspNetCompiler.TargetPath = "PrecompiledWeb\localhost_52942\"
		Debug.AspNetCompiler.Updateable = "true"
		Debug.AspNetCompiler.ForceOverwrite = "true"
		Debug.AspNetCompiler.FixedNames = "false"
		Debug.AspNetCompiler.Debug = "True"
		Release.AspNetCompiler.VirtualPath = "/localhost_52942"
		Release.AspNetCompiler.PhysicalPath = "AdminMaster\"
		Release.AspNetCompiler.TargetPath = "PrecompiledWeb\localhost_52942\"
		Release.AspNetCompiler.Updateable = "true"
		Release.AspNetCompiler.ForceOverwrite = "true"
		Release.AspNetCompiler.FixedNames = "false"
		Release.AspNetCompiler.Debug = "False"
		VWDPort = "52942"
		SlnRelativePath = "AdminMaster\"
	EndProjectSection
EndProject
Project("{E24C65DC-7377-472B-9ABA-BC803B73C61A}") = "web", "web\", "{FBCC5485-1C0D-4510-9412-A6646A79FD34}"
	ProjectSection(WebsiteProperties) = preProject
		TargetFrameworkMoniker = ".NETFramework,Version%3Dv4.5"
		Debug.AspNetCompiler.VirtualPath = "/localhost_53668"
		Debug.AspNetCompiler.PhysicalPath = "web\"
		Debug.AspNetCompiler.TargetPath = "PrecompiledWeb\localhost_53668\"
		Debug.AspNetCompiler.Updateable = "true"
		Debug.AspNetCompiler.ForceOverwrite = "true"
		Debug.AspNetCompiler.FixedNames = "false"
		Debug.AspNetCompiler.Debug = "True"
		Release.AspNetCompiler.VirtualPath = "/localhost_53668"
		Release.AspNetCompiler.PhysicalPath = "web\"
		Release.AspNetCompiler.TargetPath = "PrecompiledWeb\localhost_53668\"
		Release.AspNetCompiler.Updateable = "true"
		Release.AspNetCompiler.ForceOverwrite = "true"
		Release.AspNetCompiler.FixedNames = "false"
		Release.AspNetCompiler.Debug = "False"
		VWDPort = "53668"
		SlnRelativePath = "web\"
	EndProjectSection
EndProject
Project("{E24C65DC-7377-472B-9ABA-BC803B73C61A}") = "publishAPI", "publishAPI\", "{FDE12BF7-019E-454D-A31F-A2EED85620CF}"
	ProjectSection(WebsiteProperties) = preProject
		TargetFrameworkMoniker = ".NETFramework,Version%3Dv2.0"
		Debug.AspNetCompiler.VirtualPath = "/localhost_53267"
		Debug.AspNetCompiler.PhysicalPath = "publishAPI\"
		Debug.AspNetCompiler.TargetPath = "PrecompiledWeb\localhost_53267\"
		Debug.AspNetCompiler.Updateable = "true"
		Debug.AspNetCompiler.ForceOverwrite = "true"
		Debug.AspNetCompiler.FixedNames = "false"
		Debug.AspNetCompiler.Debug = "True"
		Release.AspNetCompiler.VirtualPath = "/localhost_53267"
		Release.AspNetCompiler.PhysicalPath = "publishAPI\"
		Release.AspNetCompiler.TargetPath = "PrecompiledWeb\localhost_53267\"
		Release.AspNetCompiler.Updateable = "true"
		Release.AspNetCompiler.ForceOverwrite = "true"
		Release.AspNetCompiler.FixedNames = "false"
		Release.AspNetCompiler.Debug = "False"
		VWDPort = "53267"
		SlnRelativePath = "publishAPI\"
	EndProjectSection
EndProject
Global
	GlobalSection(SolutionConfigurationPlatforms) = preSolution
		Debug|Any CPU = Debug|Any CPU
		Release|Any CPU = Release|Any CPU
	EndGlobalSection
	GlobalSection(ProjectConfigurationPlatforms) = postSolution
		{590D34B9-8B9C-4FB7-A2C0-0244AB084D69}.Debug|Any CPU.ActiveCfg = Debug|Any CPU
		{590D34B9-8B9C-4FB7-A2C0-0244AB084D69}.Debug|Any CPU.Build.0 = Debug|Any CPU
		{590D34B9-8B9C-4FB7-A2C0-0244AB084D69}.Release|Any CPU.ActiveCfg = Release|Any CPU
		{590D34B9-8B9C-4FB7-A2C0-0244AB084D69}.Release|Any CPU.Build.0 = Release|Any CPU
		{2AD68484-AB16-4C1F-86F4-0D86EECED399}.Debug|Any CPU.ActiveCfg = Debug|Any CPU
		{2AD68484-AB16-4C1F-86F4-0D86EECED399}.Debug|Any CPU.Build.0 = Debug|Any CPU
		{2AD68484-AB16-4C1F-86F4-0D86EECED399}.Release|Any CPU.ActiveCfg = Debug|Any CPU
		{2AD68484-AB16-4C1F-86F4-0D86EECED399}.Release|Any CPU.Build.0 = Debug|Any CPU
		{FBCC5485-1C0D-4510-9412-A6646A79FD34}.Debug|Any CPU.ActiveCfg = Debug|Any CPU
		{FBCC5485-1C0D-4510-9412-A6646A79FD34}.Debug|Any CPU.Build.0 = Debug|Any CPU
		{FBCC5485-1C0D-4510-9412-A6646A79FD34}.Release|Any CPU.ActiveCfg = Debug|Any CPU
		{FBCC5485-1C0D-4510-9412-A6646A79FD34}.Release|Any CPU.Build.0 = Debug|Any CPU
		{FDE12BF7-019E-454D-A31F-A2EED85620CF}.Debug|Any CPU.ActiveCfg = Debug|Any CPU
		{FDE12BF7-019E-454D-A31F-A2EED85620CF}.Debug|Any CPU.Build.0 = Debug|Any CPU
		{FDE12BF7-019E-454D-A31F-A2EED85620CF}.Release|Any CPU.ActiveCfg = Debug|Any CPU
		{FDE12BF7-019E-454D-A31F-A2EED85620CF}.Release|Any CPU.Build.0 = Debug|Any CPU
	EndGlobalSection
	GlobalSection(SolutionProperties) = preSolution
		HideSolutionNode = FALSE
	EndGlobalSection
	GlobalSection(ExtensibilityGlobals) = postSolution
		SolutionGuid = {80CBE707-3CC4-45E2-8549-94C3A4D74A6A}
	EndGlobalSection
EndGlobal
