
Microsoft Visual Studio Solution File, Format Version 12.00
# Visual Studio 14
VisualStudioVersion = 14.0.25420.1
MinimumVisualStudioVersion = 10.0.40219.1
Project("{FAE04EC0-301F-11D3-BF4B-00C04F79EFBC}") = "Web", "Web.csproj", "{A8F26952-13BC-46B4-BEF8-4A61650D4A84}"
EndProject
Project("{FAE04EC0-301F-11D3-BF4B-00C04F79EFBC}") = "MvcPager", "..\pager\MvcPager.csproj", "{71DCE177-5227-4D7E-A5CB-298AFE33ABE1}"
EndProject
Global
	GlobalSection(SolutionConfigurationPlatforms) = preSolution
		Debug|Any CPU = Debug|Any CPU
		Release|Any CPU = Release|Any CPU
	EndGlobalSection
	GlobalSection(ProjectConfigurationPlatforms) = postSolution
		{A8F26952-13BC-46B4-BEF8-4A61650D4A84}.Debug|Any CPU.ActiveCfg = Debug|Any CPU
		{A8F26952-13BC-46B4-BEF8-4A61650D4A84}.Debug|Any CPU.Build.0 = Debug|Any CPU
		{A8F26952-13BC-46B4-BEF8-4A61650D4A84}.Release|Any CPU.ActiveCfg = Release|Any CPU
		{A8F26952-13BC-46B4-BEF8-4A61650D4A84}.Release|Any CPU.Build.0 = Release|Any CPU
		{71DCE177-5227-4D7E-A5CB-298AFE33ABE1}.Debug|Any CPU.ActiveCfg = Debug|Any CPU
		{71DCE177-5227-4D7E-A5CB-298AFE33ABE1}.Debug|Any CPU.Build.0 = Debug|Any CPU
		{71DCE177-5227-4D7E-A5CB-298AFE33ABE1}.Release|Any CPU.ActiveCfg = Release|Any CPU
		{71DCE177-5227-4D7E-A5CB-298AFE33ABE1}.Release|Any CPU.Build.0 = Release|Any CPU
	EndGlobalSection
	GlobalSection(SolutionProperties) = preSolution
		HideSolutionNode = FALSE
	EndGlobalSection
EndGlobal
